{"version":4,"terraform_version":"1.12.1","serial":1,"lineage":"72965ced-772f-64c1-8ecf-ca08e994d4e4","outputs":{},"resources":[{"mode":"managed","type":"incus_instance","name":"test","provider":"provider[\"registry.opentofu.org/lxc/incus\"]","instances":[{"schema_version":0,"attributes":{"architecture":"x86_64","config":{},"description":"","device":[],"ephemeral":false,"exec":null,"file":[],"image":"images:ubuntu/24.04","ipv4_address":"192.168.250.227","ipv6_address":null,"mac_address":"10:66:6a:17:7d:b3","name":"tofu-test","profiles":["default"],"project":null,"remote":null,"running":true,"source_file":null,"source_instance":null,"status":"Running","target":"","type":"container","wait_for":[]},"sensitive_attributes":[]}]}],"check_results":null}
